
Microsoft Visual Studio Solution File, Format Version 12.00
# Visual Studio 15
VisualStudioVersion = 15.0.28010.2016
MinimumVisualStudioVersion = 10.0.40219.1
Project("{FAE04EC0-301F-11D3-BF4B-00C04F79EFBC}") = "WebAppSample", "WebAppSample\WebAppSample.csproj", "{CE3906DB-EDD3-4672-B504-5BC4ED6E2F6A}"
EndProject
Global
	GlobalSection(SolutionConfigurationPlatforms) = preSolution
		Debug|Any CPU = Debug|Any CPU
		Release|Any CPU = Release|Any CPU
	EndGlobalSection
	GlobalSection(ProjectConfigurationPlatforms) = postSolution
		{CE3906DB-EDD3-4672-B504-5BC4ED6E2F6A}.Debug|Any CPU.ActiveCfg = Debug|Any CPU
		{CE3906DB-EDD3-4672-B504-5BC4ED6E2F6A}.Debug|Any CPU.Build.0 = Debug|Any CPU
		{CE3906DB-EDD3-4672-B504-5BC4ED6E2F6A}.Release|Any CPU.ActiveCfg = Release|Any CPU
		{CE3906DB-EDD3-4672-B504-5BC4ED6E2F6A}.Release|Any CPU.Build.0 = Release|Any CPU
	EndGlobalSection
	GlobalSection(SolutionProperties) = preSolution
		HideSolutionNode = FALSE
	EndGlobalSection
	GlobalSection(ExtensibilityGlobals) = postSolution
		SolutionGuid = {65F360E5-14EA-4EC0-8AFC-6EFC0C9427C0}
	EndGlobalSection
EndGlobal
